{
  "name": "vytautassugintas",
  "version": "0.0.1",
  "lockfileVersion": 3,
  "requires": true,
  "packages": {
    "": {
      "name": "vytautassugintas",
      "version": "0.0.1",
      "license": "WTFPL",
      "dependencies": {
        "marked": "^12.0.1"
      }
    },
    "node_modules/marked": {
      "version": "12.0.1",
      "resolved": "https://npm.intranet.1stdibs.com/marked/-/marked-12.0.1.tgz",
      "integrity": "sha512-Y1/V2yafOcOdWQCX0XpAKXzDakPOpn6U0YLxTJs3cww6VxOzZV1BTOOYWLvH3gX38cq+iLwljHHTnMtlDfg01Q==",
      "license": "MIT",
      "bin": {
        "marked": "bin/marked.js"
      },
      "engines": {
        "node": ">= 18"
      }
    }
  }
}
